
Microsoft Visual Studio Solution File, Format Version 12.00
# Visual Studio Version 17
VisualStudioVersion = 17.3.32929.385
MinimumVisualStudioVersion = 10.0.40219.1
Project("{FAE04EC0-301F-11D3-BF4B-00C04F79EFBC}") = "ClassesExercise", "ClassesExercise\ClassesExercise.csproj", "{039FAB49-2BBE-4310-92CA-D3BD30BE7AEF}"
EndProject
Global
	GlobalSection(SolutionConfigurationPlatforms) = preSolution
		Debug|Any CPU = Debug|Any CPU
		Release|Any CPU = Release|Any CPU
	EndGlobalSection
	GlobalSection(ProjectConfigurationPlatforms) = postSolution
		{039FAB49-2BBE-4310-92CA-D3BD30BE7AEF}.Debug|Any CPU.ActiveCfg = Debug|Any CPU
		{039FAB49-2BBE-4310-92CA-D3BD30BE7AEF}.Debug|Any CPU.Build.0 = Debug|Any CPU
		{039FAB49-2BBE-4310-92CA-D3BD30BE7AEF}.Release|Any CPU.ActiveCfg = Release|Any CPU
		{039FAB49-2BBE-4310-92CA-D3BD30BE7AEF}.Release|Any CPU.Build.0 = Release|Any CPU
	EndGlobalSection
	GlobalSection(SolutionProperties) = preSolution
		HideSolutionNode = FALSE
	EndGlobalSection
	GlobalSection(ExtensibilityGlobals) = postSolution
		SolutionGuid = {64202EED-A70C-4616-84E2-632410045914}
	EndGlobalSection
EndGlobal
